// !$*UTF8*$!
{
	archiveVersion = 1;
	classes = {
	};
	objectVersion = 46;
	objects = {

/* Begin PBXBuildFile section */
		842D95801C317CA100AF9D68 /* TabBarController.swift in Sources */ = {isa = PBXBuildFile; fileRef = 842D957F1C317CA100AF9D68 /* TabBarController.swift */; };
		842D95821C3195A700AF9D68 /* SearchPageListingCell.swift in Sources */ = {isa = PBXBuildFile; fileRef = 842D95811C3195A700AF9D68 /* SearchPageListingCell.swift */; };
		842D95841C3196DA00AF9D68 /* Listing.swift in Sources */ = {isa = PBXBuildFile; fileRef = 842D95831C3196DA00AF9D68 /* Listing.swift */; };
		842D95871C31BF3400AF9D68 /* SearchPageListingCell.xib in Resources */ = {isa = PBXBuildFile; fileRef = 842D95861C31BF3400AF9D68 /* SearchPageListingCell.xib */; };
		842D958B1C357ED700AF9D68 /* APIManager.swift in Sources */ = {isa = PBXBuildFile; fileRef = 842D958A1C357ED700AF9D68 /* APIManager.swift */; };
		842D958D1C3C28B700AF9D68 /* SearchResultsController.swift in Sources */ = {isa = PBXBuildFile; fileRef = 842D958C1C3C28B700AF9D68 /* SearchResultsController.swift */; };
		842D95931C3EBF4F00AF9D68 /* SaleFilterPopup.xib in Resources */ = {isa = PBXBuildFile; fileRef = 842D95921C3EBF4F00AF9D68 /* SaleFilterPopup.xib */; };
		842D95981C3FEEDB00AF9D68 /* ViewListingController.swift in Sources */ = {isa = PBXBuildFile; fileRef = 842D95971C3FEEDB00AF9D68 /* ViewListingController.swift */; };
		8442010E1C1EF7AA007D51D0 /* FBSDKCoreKit.framework in Frameworks */ = {isa = PBXBuildFile; fileRef = 8442010D1C1EF7AA007D51D0 /* FBSDKCoreKit.framework */; };
		844201101C1EF7C2007D51D0 /* FBSDKLoginKit.framework in Frameworks */ = {isa = PBXBuildFile; fileRef = 8442010F1C1EF7C2007D51D0 /* FBSDKLoginKit.framework */; };
		8453AA971C1F10B400169629 /* User.swift in Sources */ = {isa = PBXBuildFile; fileRef = 8453AA961C1F10B400169629 /* User.swift */; };
		8453AA991C1F52CE00169629 /* SearchPageViewController.swift in Sources */ = {isa = PBXBuildFile; fileRef = 8453AA981C1F52CE00169629 /* SearchPageViewController.swift */; };
		84D49DB91C174E7000ECDA80 /* AppDelegate.swift in Sources */ = {isa = PBXBuildFile; fileRef = 84D49DB81C174E7000ECDA80 /* AppDelegate.swift */; };
		84D49DBB1C174E7000ECDA80 /* LoginViewController.swift in Sources */ = {isa = PBXBuildFile; fileRef = 84D49DBA1C174E7000ECDA80 /* LoginViewController.swift */; };
		84D49DBE1C174E7000ECDA80 /* Main.storyboard in Resources */ = {isa = PBXBuildFile; fileRef = 84D49DBC1C174E7000ECDA80 /* Main.storyboard */; };
		84D49DC01C174E7000ECDA80 /* Assets.xcassets in Resources */ = {isa = PBXBuildFile; fileRef = 84D49DBF1C174E7000ECDA80 /* Assets.xcassets */; };
		84D49DC31C174E7000ECDA80 /* LaunchScreen.storyboard in Resources */ = {isa = PBXBuildFile; fileRef = 84D49DC11C174E7000ECDA80 /* LaunchScreen.storyboard */; };
		84D49DCE1C174E7000ECDA80 /* HoffrTests.swift in Sources */ = {isa = PBXBuildFile; fileRef = 84D49DCD1C174E7000ECDA80 /* HoffrTests.swift */; };
		84D49DD91C174E7000ECDA80 /* HoffrUITests.swift in Sources */ = {isa = PBXBuildFile; fileRef = 84D49DD81C174E7000ECDA80 /* HoffrUITests.swift */; };
/* End PBXBuildFile section */

/* Begin PBXContainerItemProxy section */
		84D49DCA1C174E7000ECDA80 /* PBXContainerItemProxy */ = {
			isa = PBXContainerItemProxy;
			containerPortal = 84D49DAD1C174E7000ECDA80 /* Project object */;
			proxyType = 1;
			remoteGlobalIDString = 84D49DB41C174E7000ECDA80;
			remoteInfo = Hoffr;
		};
		84D49DD51C174E7000ECDA80 /* PBXContainerItemProxy */ = {
			isa = PBXContainerItemProxy;
			containerPortal = 84D49DAD1C174E7000ECDA80 /* Project object */;
			proxyType = 1;
			remoteGlobalIDString = 84D49DB41C174E7000ECDA80;
			remoteInfo = Hoffr;
		};
/* End PBXContainerItemProxy section */

/* Begin PBXFileReference section */
		842D957F1C317CA100AF9D68 /* TabBarController.swift */ = {isa = PBXFileReference; fileEncoding = 4; lastKnownFileType = sourcecode.swift; path = TabBarController.swift; sourceTree = "<group>"; };
		842D95811C3195A700AF9D68 /* SearchPageListingCell.swift */ = {isa = PBXFileReference; fileEncoding = 4; lastKnownFileType = sourcecode.swift; path = SearchPageListingCell.swift; sourceTree = "<group>"; };
		842D95831C3196DA00AF9D68 /* Listing.swift */ = {isa = PBXFileReference; fileEncoding = 4; lastKnownFileType = sourcecode.swift; path = Listing.swift; sourceTree = "<group>"; };
		842D95861C31BF3400AF9D68 /* SearchPageListingCell.xib */ = {isa = PBXFileReference; fileEncoding = 4; lastKnownFileType = file.xib; path = SearchPageListingCell.xib; sourceTree = "<group>"; };
		842D958A1C357ED700AF9D68 /* APIManager.swift */ = {isa = PBXFileReference; fileEncoding = 4; lastKnownFileType = sourcecode.swift; path = APIManager.swift; sourceTree = "<group>"; };
		842D958C1C3C28B700AF9D68 /* SearchResultsController.swift */ = {isa = PBXFileReference; fileEncoding = 4; lastKnownFileType = sourcecode.swift; path = SearchResultsController.swift; sourceTree = "<group>"; };
		842D95921C3EBF4F00AF9D68 /* SaleFilterPopup.xib */ = {isa = PBXFileReference; fileEncoding = 4; lastKnownFileType = file.xib; path = SaleFilterPopup.xib; sourceTree = "<group>"; };
		842D95971C3FEEDB00AF9D68 /* ViewListingController.swift */ = {isa = PBXFileReference; fileEncoding = 4; lastKnownFileType = sourcecode.swift; path = ViewListingController.swift; sourceTree = "<group>"; };
		8442010D1C1EF7AA007D51D0 /* FBSDKCoreKit.framework */ = {isa = PBXFileReference; lastKnownFileType = wrapper.framework; path = FBSDKCoreKit.framework; sourceTree = "<group>"; };
		8442010F1C1EF7C2007D51D0 /* FBSDKLoginKit.framework */ = {isa = PBXFileReference; lastKnownFileType = wrapper.framework; path = FBSDKLoginKit.framework; sourceTree = "<group>"; };
		8453AA961C1F10B400169629 /* User.swift */ = {isa = PBXFileReference; fileEncoding = 4; lastKnownFileType = sourcecode.swift; path = User.swift; sourceTree = "<group>"; };
		8453AA981C1F52CE00169629 /* SearchPageViewController.swift */ = {isa = PBXFileReference; fileEncoding = 4; lastKnownFileType = sourcecode.swift; path = SearchPageViewController.swift; sourceTree = "<group>"; };
		84D49DB51C174E7000ECDA80 /* Hoffr.app */ = {isa = PBXFileReference; explicitFileType = wrapper.application; includeInIndex = 0; path = Hoffr.app; sourceTree = BUILT_PRODUCTS_DIR; };
		84D49DB81C174E7000ECDA80 /* AppDelegate.swift */ = {isa = PBXFileReference; lastKnownFileType = sourcecode.swift; path = AppDelegate.swift; sourceTree = "<group>"; };
		84D49DBA1C174E7000ECDA80 /* LoginViewController.swift */ = {isa = PBXFileReference; lastKnownFileType = sourcecode.swift; path = LoginViewController.swift; sourceTree = "<group>"; };
		84D49DBD1C174E7000ECDA80 /* Base */ = {isa = PBXFileReference; lastKnownFileType = file.storyboard; name = Base; path = Base.lproj/Main.storyboard; sourceTree = "<group>"; };
		84D49DBF1C174E7000ECDA80 /* Assets.xcassets */ = {isa = PBXFileReference; lastKnownFileType = folder.assetcatalog; path = Assets.xcassets; sourceTree = "<group>"; };
		84D49DC21C174E7000ECDA80 /* Base */ = {isa = PBXFileReference; lastKnownFileType = file.storyboard; name = Base; path = Base.lproj/LaunchScreen.storyboard; sourceTree = "<group>"; };
		84D49DC41C174E7000ECDA80 /* Info.plist */ = {isa = PBXFileReference; lastKnownFileType = text.plist.xml; path = Info.plist; sourceTree = "<group>"; };
		84D49DC91C174E7000ECDA80 /* HoffrTests.xctest */ = {isa = PBXFileReference; explicitFileType = wrapper.cfbundle; includeInIndex = 0; path = HoffrTests.xctest; sourceTree = BUILT_PRODUCTS_DIR; };
		84D49DCD1C174E7000ECDA80 /* HoffrTests.swift */ = {isa = PBXFileReference; lastKnownFileType = sourcecode.swift; path = HoffrTests.swift; sourceTree = "<group>"; };
		84D49DCF1C174E7000ECDA80 /* Info.plist */ = {isa = PBXFileReference; lastKnownFileType = text.plist.xml; path = Info.plist; sourceTree = "<group>"; };
		84D49DD41C174E7000ECDA80 /* HoffrUITests.xctest */ = {isa = PBXFileReference; explicitFileType = wrapper.cfbundle; includeInIndex = 0; path = HoffrUITests.xctest; sourceTree = BUILT_PRODUCTS_DIR; };
		84D49DD81C174E7000ECDA80 /* HoffrUITests.swift */ = {isa = PBXFileReference; lastKnownFileType = sourcecode.swift; path = HoffrUITests.swift; sourceTree = "<group>"; };
		84D49DDA1C174E7000ECDA80 /* Info.plist */ = {isa = PBXFileReference; lastKnownFileType = text.plist.xml; path = Info.plist; sourceTree = "<group>"; };
		84D49DE81C174EAB00ECDA80 /* Hoffr-Bridging-Header.h */ = {isa = PBXFileReference; lastKnownFileType = sourcecode.c.h; name = "Hoffr-Bridging-Header.h"; path = "Hoffr/Hoffr-Bridging-Header.h"; sourceTree = "<group>"; };
/* End PBXFileReference section */

/* Begin PBXFrameworksBuildPhase section */
		84D49DB21C174E7000ECDA80 /* Frameworks */ = {
			isa = PBXFrameworksBuildPhase;
			buildActionMask = 2147483647;
			files = (
				844201101C1EF7C2007D51D0 /* FBSDKLoginKit.framework in Frameworks */,
				8442010E1C1EF7AA007D51D0 /* FBSDKCoreKit.framework in Frameworks */,
			);
			runOnlyForDeploymentPostprocessing = 0;
		};
		84D49DC61C174E7000ECDA80 /* Frameworks */ = {
			isa = PBXFrameworksBuildPhase;
			buildActionMask = 2147483647;
			files = (
			);
			runOnlyForDeploymentPostprocessing = 0;
		};
		84D49DD11C174E7000ECDA80 /* Frameworks */ = {
			isa = PBXFrameworksBuildPhase;
			buildActionMask = 2147483647;
			files = (
			);
			runOnlyForDeploymentPostprocessing = 0;
		};
/* End PBXFrameworksBuildPhase section */

/* Begin PBXGroup section */
		842D95851C3196E800AF9D68 /* SearchPage */ = {
			isa = PBXGroup;
			children = (
				842D95831C3196DA00AF9D68 /* Listing.swift */,
				842D95811C3195A700AF9D68 /* SearchPageListingCell.swift */,
				8453AA981C1F52CE00169629 /* SearchPageViewController.swift */,
				842D95861C31BF3400AF9D68 /* SearchPageListingCell.xib */,
				842D958C1C3C28B700AF9D68 /* SearchResultsController.swift */,
			);
			name = SearchPage;
			sourceTree = "<group>";
		};
		842D95941C3EDFB500AF9D68 /* ViewProperty */ = {
			isa = PBXGroup;
			children = (
				842D95971C3FEEDB00AF9D68 /* ViewListingController.swift */,
			);
			name = ViewProperty;
			sourceTree = "<group>";
		};
		84D49DAC1C174E7000ECDA80 = {
			isa = PBXGroup;
			children = (
				84D49DE81C174EAB00ECDA80 /* Hoffr-Bridging-Header.h */,
				84D49DB71C174E7000ECDA80 /* Hoffr */,
				84D49DCC1C174E7000ECDA80 /* HoffrTests */,
				84D49DD71C174E7000ECDA80 /* HoffrUITests */,
				84D49DB61C174E7000ECDA80 /* Products */,
				8442010D1C1EF7AA007D51D0 /* FBSDKCoreKit.framework */,
				8442010F1C1EF7C2007D51D0 /* FBSDKLoginKit.framework */,
			);
			sourceTree = "<group>";
		};
		84D49DB61C174E7000ECDA80 /* Products */ = {
			isa = PBXGroup;
			children = (
				84D49DB51C174E7000ECDA80 /* Hoffr.app */,
				84D49DC91C174E7000ECDA80 /* HoffrTests.xctest */,
				84D49DD41C174E7000ECDA80 /* HoffrUITests.xctest */,
			);
			name = Products;
			sourceTree = "<group>";
		};
		84D49DB71C174E7000ECDA80 /* Hoffr */ = {
			isa = PBXGroup;
			children = (
				842D95941C3EDFB500AF9D68 /* ViewProperty */,
				842D95851C3196E800AF9D68 /* SearchPage */,
				84D49DB81C174E7000ECDA80 /* AppDelegate.swift */,
				842D958A1C357ED700AF9D68 /* APIManager.swift */,
				84D49DBA1C174E7000ECDA80 /* LoginViewController.swift */,
				84D49DBC1C174E7000ECDA80 /* Main.storyboard */,
				84D49DBF1C174E7000ECDA80 /* Assets.xcassets */,
				84D49DC11C174E7000ECDA80 /* LaunchScreen.storyboard */,
				84D49DC41C174E7000ECDA80 /* Info.plist */,
				8453AA961C1F10B400169629 /* User.swift */,
				842D957F1C317CA100AF9D68 /* TabBarController.swift */,
				842D95921C3EBF4F00AF9D68 /* SaleFilterPopup.xib */,
			);
			path = Hoffr;
			sourceTree = "<group>";
		};
		84D49DCC1C174E7000ECDA80 /* HoffrTests */ = {
			isa = PBXGroup;
			children = (
				84D49DCD1C174E7000ECDA80 /* HoffrTests.swift */,
				84D49DCF1C174E7000ECDA80 /* Info.plist */,
			);
			path = HoffrTests;
			sourceTree = "<group>";
		};
		84D49DD71C174E7000ECDA80 /* HoffrUITests */ = {
			isa = PBXGroup;
			children = (
				84D49DD81C174E7000ECDA80 /* HoffrUITests.swift */,
				84D49DDA1C174E7000ECDA80 /* Info.plist */,
			);
			path = HoffrUITests;
			sourceTree = "<group>";
		};
/* End PBXGroup section */

/* Begin PBXNativeTarget section */
		84D49DB41C174E7000ECDA80 /* Hoffr */ = {
			isa = PBXNativeTarget;
			buildConfigurationList = 84D49DDD1C174E7000ECDA80 /* Build configuration list for PBXNativeTarget "Hoffr" */;
			buildPhases = (
				84D49DB11C174E7000ECDA80 /* Sources */,
				84D49DB21C174E7000ECDA80 /* Frameworks */,
				84D49DB31C174E7000ECDA80 /* Resources */,
			);
			buildRules = (
			);
			dependencies = (
			);
			name = Hoffr;
			productName = Hoffr;
			productReference = 84D49DB51C174E7000ECDA80 /* Hoffr.app */;
			productType = "com.apple.product-type.application";
		};
		84D49DC81C174E7000ECDA80 /* HoffrTests */ = {
			isa = PBXNativeTarget;
			buildConfigurationList = 84D49DE01C174E7000ECDA80 /* Build configuration list for PBXNativeTarget "HoffrTests" */;
			buildPhases = (
				84D49DC51C174E7000ECDA80 /* Sources */,
				84D49DC61C174E7000ECDA80 /* Frameworks */,
				84D49DC71C174E7000ECDA80 /* Resources */,
			);
			buildRules = (
			);
			dependencies = (
				84D49DCB1C174E7000ECDA80 /* PBXTargetDependency */,
			);
			name = HoffrTests;
			productName = HoffrTests;
			productReference = 84D49DC91C174E7000ECDA80 /* HoffrTests.xctest */;
			productType = "com.apple.product-type.bundle.unit-test";
		};
		84D49DD31C174E7000ECDA80 /* HoffrUITests */ = {
			isa = PBXNativeTarget;
			buildConfigurationList = 84D49DE31C174E7000ECDA80 /* Build configuration list for PBXNativeTarget "HoffrUITests" */;
			buildPhases = (
				84D49DD01C174E7000ECDA80 /* Sources */,
				84D49DD11C174E7000ECDA80 /* Frameworks */,
				84D49DD21C174E7000ECDA80 /* Resources */,
			);
			buildRules = (
			);
			dependencies = (
				84D49DD61C174E7000ECDA80 /* PBXTargetDependency */,
			);
			name = HoffrUITests;
			productName = HoffrUITests;
			productReference = 84D49DD41C174E7000ECDA80 /* HoffrUITests.xctest */;
			productType = "com.apple.product-type.bundle.ui-testing";
		};
/* End PBXNativeTarget section */

/* Begin PBXProject section */
		84D49DAD1C174E7000ECDA80 /* Project object */ = {
			isa = PBXProject;
			attributes = {
				LastSwiftUpdateCheck = 0710;
				LastUpgradeCheck = 0710;
				ORGANIZATIONNAME = admin;
				TargetAttributes = {
					84D49DB41C174E7000ECDA80 = {
						CreatedOnToolsVersion = 7.1.1;
					};
					84D49DC81C174E7000ECDA80 = {
						CreatedOnToolsVersion = 7.1.1;
						TestTargetID = 84D49DB41C174E7000ECDA80;
					};
					84D49DD31C174E7000ECDA80 = {
						CreatedOnToolsVersion = 7.1.1;
						TestTargetID = 84D49DB41C174E7000ECDA80;
					};
				};
			};
			buildConfigurationList = 84D49DB01C174E7000ECDA80 /* Build configuration list for PBXProject "Hoffr" */;
			compatibilityVersion = "Xcode 3.2";
			developmentRegion = English;
			hasScannedForEncodings = 0;
			knownRegions = (
				en,
				Base,
			);
			mainGroup = 84D49DAC1C174E7000ECDA80;
			productRefGroup = 84D49DB61C174E7000ECDA80 /* Products */;
			projectDirPath = "";
			projectRoot = "";
			targets = (
				84D49DB41C174E7000ECDA80 /* Hoffr */,
				84D49DC81C174E7000ECDA80 /* HoffrTests */,
				84D49DD31C174E7000ECDA80 /* HoffrUITests */,
			);
		};
/* End PBXProject section */

/* Begin PBXResourcesBuildPhase section */
		84D49DB31C174E7000ECDA80 /* Resources */ = {
			isa = PBXResourcesBuildPhase;
			buildActionMask = 2147483647;
			files = (
				842D95931C3EBF4F00AF9D68 /* SaleFilterPopup.xib in Resources */,
				84D49DC31C174E7000ECDA80 /* LaunchScreen.storyboard in Resources */,
				84D49DC01C174E7000ECDA80 /* Assets.xcassets in Resources */,
				84D49DBE1C174E7000ECDA80 /* Main.storyboard in Resources */,
				842D95871C31BF3400AF9D68 /* SearchPageListingCell.xib in Resources */,
			);
			runOnlyForDeploymentPostprocessing = 0;
		};
		84D49DC71C174E7000ECDA80 /* Resources */ = {
			isa = PBXResourcesBuildPhase;
			buildActionMask = 2147483647;
			files = (
			);
			runOnlyForDeploymentPostprocessing = 0;
		};
		84D49DD21C174E7000ECDA80 /* Resources */ = {
			isa = PBXResourcesBuildPhase;
			buildActionMask = 2147483647;
			files = (
			);
			runOnlyForDeploymentPostprocessing = 0;
		};
/* End PBXResourcesBuildPhase section */

/* Begin PBXSourcesBuildPhase section */
		84D49DB11C174E7000ECDA80 /* Sources */ = {
			isa = PBXSourcesBuildPhase;
			buildActionMask = 2147483647;
			files = (
				842D958B1C357ED700AF9D68 /* APIManager.swift in Sources */,
				84D49DBB1C174E7000ECDA80 /* LoginViewController.swift in Sources */,
				842D95841C3196DA00AF9D68 /* Listing.swift in Sources */,
				84D49DB91C174E7000ECDA80 /* AppDelegate.swift in Sources */,
				842D958D1C3C28B700AF9D68 /* SearchResultsController.swift in Sources */,
				842D95981C3FEEDB00AF9D68 /* ViewListingController.swift in Sources */,
				8453AA971C1F10B400169629 /* User.swift in Sources */,
				842D95801C317CA100AF9D68 /* TabBarController.swift in Sources */,
				8453AA991C1F52CE00169629 /* SearchPageViewController.swift in Sources */,
				842D95821C3195A700AF9D68 /* SearchPageListingCell.swift in Sources */,
			);
			runOnlyForDeploymentPostprocessing = 0;
		};
		84D49DC51C174E7000ECDA80 /* Sources */ = {
			isa = PBXSourcesBuildPhase;
			buildActionMask = 2147483647;
			files = (
				84D49DCE1C174E7000ECDA80 /* HoffrTests.swift in Sources */,
			);
			runOnlyForDeploymentPostprocessing = 0;
		};
		84D49DD01C174E7000ECDA80 /* Sources */ = {
			isa = PBXSourcesBuildPhase;
			buildActionMask = 2147483647;
			files = (
				84D49DD91C174E7000ECDA80 /* HoffrUITests.swift in Sources */,
			);
			runOnlyForDeploymentPostprocessing = 0;
		};
/* End PBXSourcesBuildPhase section */

/* Begin PBXTargetDependency section */
		84D49DCB1C174E7000ECDA80 /* PBXTargetDependency */ = {
			isa = PBXTargetDependency;
			target = 84D49DB41C174E7000ECDA80 /* Hoffr */;
			targetProxy = 84D49DCA1C174E7000ECDA80 /* PBXContainerItemProxy */;
		};
		84D49DD61C174E7000ECDA80 /* PBXTargetDependency */ = {
			isa = PBXTargetDependency;
			target = 84D49DB41C174E7000ECDA80 /* Hoffr */;
			targetProxy = 84D49DD51C174E7000ECDA80 /* PBXContainerItemProxy */;
		};
/* End PBXTargetDependency section */

/* Begin PBXVariantGroup section */
		84D49DBC1C174E7000ECDA80 /* Main.storyboard */ = {
			isa = PBXVariantGroup;
			children = (
				84D49DBD1C174E7000ECDA80 /* Base */,
			);
			name = Main.storyboard;
			sourceTree = "<group>";
		};
		84D49DC11C174E7000ECDA80 /* LaunchScreen.storyboard */ = {
			isa = PBXVariantGroup;
			children = (
				84D49DC21C174E7000ECDA80 /* Base */,
			);
			name = LaunchScreen.storyboard;
			sourceTree = "<group>";
		};
/* End PBXVariantGroup section */

/* Begin XCBuildConfiguration section */
		84D49DDB1C174E7000ECDA80 /* Debug */ = {
			isa = XCBuildConfiguration;
			buildSettings = {
				ALWAYS_SEARCH_USER_PATHS = NO;
				CLANG_CXX_LANGUAGE_STANDARD = "gnu++0x";
				CLANG_CXX_LIBRARY = "libc++";
				CLANG_ENABLE_MODULES = YES;
				CLANG_ENABLE_OBJC_ARC = YES;
				CLANG_WARN_BOOL_CONVERSION = YES;
				CLANG_WARN_CONSTANT_CONVERSION = YES;
				CLANG_WARN_DIRECT_OBJC_ISA_USAGE = YES_ERROR;
				CLANG_WARN_EMPTY_BODY = YES;
				CLANG_WARN_ENUM_CONVERSION = YES;
				CLANG_WARN_INT_CONVERSION = YES;
				CLANG_WARN_OBJC_ROOT_CLASS = YES_ERROR;
				CLANG_WARN_UNREACHABLE_CODE = YES;
				CLANG_WARN__DUPLICATE_METHOD_MATCH = YES;
				"CODE_SIGN_IDENTITY[sdk=iphoneos*]" = "iPhone Developer";
				COPY_PHASE_STRIP = NO;
				DEBUG_INFORMATION_FORMAT = dwarf;
				ENABLE_STRICT_OBJC_MSGSEND = YES;
				ENABLE_TESTABILITY = YES;
				GCC_C_LANGUAGE_STANDARD = gnu99;
				GCC_DYNAMIC_NO_PIC = NO;
				GCC_NO_COMMON_BLOCKS = YES;
				GCC_OPTIMIZATION_LEVEL = 0;
				GCC_PREPROCESSOR_DEFINITIONS = (
					"DEBUG=1",
					"$(inherited)",
				);
				GCC_WARN_64_TO_32_BIT_CONVERSION = YES;
				GCC_WARN_ABOUT_RETURN_TYPE = YES_ERROR;
				GCC_WARN_UNDECLARED_SELECTOR = YES;
				GCC_WARN_UNINITIALIZED_AUTOS = YES_AGGRESSIVE;
				GCC_WARN_UNUSED_FUNCTION = YES;
				GCC_WARN_UNUSED_VARIABLE = YES;
				IPHONEOS_DEPLOYMENT_TARGET = 9.1;
				MTL_ENABLE_DEBUG_INFO = YES;
				ONLY_ACTIVE_ARCH = YES;
				SDKROOT = iphoneos;
				SWIFT_OPTIMIZATION_LEVEL = "-Onone";
			};
			name = Debug;
		};
		84D49DDC1C174E7000ECDA80 /* Release */ = {
			isa = XCBuildConfiguration;
			buildSettings = {
				ALWAYS_SEARCH_USER_PATHS = NO;
				CLANG_CXX_LANGUAGE_STANDARD = "gnu++0x";
				CLANG_CXX_LIBRARY = "libc++";
				CLANG_ENABLE_MODULES = YES;
				CLANG_ENABLE_OBJC_ARC = YES;
				CLANG_WARN_BOOL_CONVERSION = YES;
				CLANG_WARN_CONSTANT_CONVERSION = YES;
				CLANG_WARN_DIRECT_OBJC_ISA_USAGE = YES_ERROR;
				CLANG_WARN_EMPTY_BODY = YES;
				CLANG_WARN_ENUM_CONVERSION = YES;
				CLANG_WARN_INT_CONVERSION = YES;
				CLANG_WARN_OBJC_ROOT_CLASS = YES_ERROR;
				CLANG_WARN_UNREACHABLE_CODE = YES;
				CLANG_WARN__DUPLICATE_METHOD_MATCH = YES;
				"CODE_SIGN_IDENTITY[sdk=iphoneos*]" = "iPhone Developer";
				COPY_PHASE_STRIP = NO;
				DEBUG_INFORMATION_FORMAT = "dwarf-with-dsym";
				ENABLE_NS_ASSERTIONS = NO;
				ENABLE_STRICT_OBJC_MSGSEND = YES;
				GCC_C_LANGUAGE_STANDARD = gnu99;
				GCC_NO_COMMON_BLOCKS = YES;
				GCC_WARN_64_TO_32_BIT_CONVERSION = YES;
				GCC_WARN_ABOUT_RETURN_TYPE = YES_ERROR;
				GCC_WARN_UNDECLARED_SELECTOR = YES;
				GCC_WARN_UNINITIALIZED_AUTOS = YES_AGGRESSIVE;
				GCC_WARN_UNUSED_FUNCTION = YES;
				GCC_WARN_UNUSED_VARIABLE = YES;
				IPHONEOS_DEPLOYMENT_TARGET = 9.1;
				MTL_ENABLE_DEBUG_INFO = NO;
				SDKROOT = iphoneos;
				VALIDATE_PRODUCT = YES;
			};
			name = Release;
		};
		84D49DDE1C174E7000ECDA80 /* Debug */ = {
			isa = XCBuildConfiguration;
			buildSettings = {
				ASSETCATALOG_COMPILER_APPICON_NAME = AppIcon;
				FRAMEWORK_SEARCH_PATHS = (
					"$(inherited)",
					"$(PROJECT_DIR)",
				);
				INFOPLIST_FILE = Hoffr/Info.plist;
				LD_RUNPATH_SEARCH_PATHS = "$(inherited) @executable_path/Frameworks";
				PRODUCT_BUNDLE_IDENTIFIER = com.admin.Hoffr;
				PRODUCT_NAME = "$(TARGET_NAME)";
				SWIFT_OBJC_BRIDGING_HEADER = "$(PROJECT_DIR)/Hoffr/Hoffr-Bridging-Header.h";
			};
			name = Debug;
		};
		84D49DDF1C174E7000ECDA80 /* Release */ = {
			isa = XCBuildConfiguration;
			buildSettings = {
				ASSETCATALOG_COMPILER_APPICON_NAME = AppIcon;
				FRAMEWORK_SEARCH_PATHS = (
					"$(inherited)",
					"$(PROJECT_DIR)",
				);
				INFOPLIST_FILE = Hoffr/Info.plist;
				LD_RUNPATH_SEARCH_PATHS = "$(inherited) @executable_path/Frameworks";
				PRODUCT_BUNDLE_IDENTIFIER = com.admin.Hoffr;
				PRODUCT_NAME = "$(TARGET_NAME)";
				SWIFT_OBJC_BRIDGING_HEADER = "$(PROJECT_DIR)/Hoffr/Hoffr-Bridging-Header.h";
			};
			name = Release;
		};
		84D49DE11C174E7000ECDA80 /* Debug */ = {
			isa = XCBuildConfiguration;
			buildSettings = {
				BUNDLE_LOADER = "$(TEST_HOST)";
				INFOPLIST_FILE = HoffrTests/Info.plist;
				LD_RUNPATH_SEARCH_PATHS = "$(inherited) @executable_path/Frameworks @loader_path/Frameworks";
				PRODUCT_BUNDLE_IDENTIFIER = com.admin.HoffrTests;
				PRODUCT_NAME = "$(TARGET_NAME)";
				TEST_HOST = "$(BUILT_PRODUCTS_DIR)/Hoffr.app/Hoffr";
			};
			name = Debug;
		};
		84D49DE21C174E7000ECDA80 /* Release */ = {
			isa = XCBuildConfiguration;
			buildSettings = {
				BUNDLE_LOADER = "$(TEST_HOST)";
				INFOPLIST_FILE = HoffrTests/Info.plist;
				LD_RUNPATH_SEARCH_PATHS = "$(inherited) @executable_path/Frameworks @loader_path/Frameworks";
				PRODUCT_BUNDLE_IDENTIFIER = com.admin.HoffrTests;
				PRODUCT_NAME = "$(TARGET_NAME)";
				TEST_HOST = "$(BUILT_PRODUCTS_DIR)/Hoffr.app/Hoffr";
			};
			name = Release;
		};
		84D49DE41C174E7000ECDA80 /* Debug */ = {
			isa = XCBuildConfiguration;
			buildSettings = {
				INFOPLIST_FILE = HoffrUITests/Info.plist;
				LD_RUNPATH_SEARCH_PATHS = "$(inherited) @executable_path/Frameworks @loader_path/Frameworks";
				PRODUCT_BUNDLE_IDENTIFIER = com.admin.HoffrUITests;
				PRODUCT_NAME = "$(TARGET_NAME)";
				TEST_TARGET_NAME = Hoffr;
				USES_XCTRUNNER = YES;
			};
			name = Debug;
		};
		84D49DE51C174E7000ECDA80 /* Release */ = {
			isa = XCBuildConfiguration;
			buildSettings = {
				INFOPLIST_FILE = HoffrUITests/Info.plist;
				LD_RUNPATH_SEARCH_PATHS = "$(inherited) @executable_path/Frameworks @loader_path/Frameworks";
				PRODUCT_BUNDLE_IDENTIFIER = com.admin.HoffrUITests;
				PRODUCT_NAME = "$(TARGET_NAME)";
				TEST_TARGET_NAME = Hoffr;
				USES_XCTRUNNER = YES;
			};
			name = Release;
		};
/* End XCBuildConfiguration section */

/* Begin XCConfigurationList section */
		84D49DB01C174E7000ECDA80 /* Build configuration list for PBXProject "Hoffr" */ = {
			isa = XCConfigurationList;
			buildConfigurations = (
				84D49DDB1C174E7000ECDA80 /* Debug */,
				84D49DDC1C174E7000ECDA80 /* Release */,
			);
			defaultConfigurationIsVisible = 0;
			defaultConfigurationName = Release;
		};
		84D49DDD1C174E7000ECDA80 /* Build configuration list for PBXNativeTarget "Hoffr" */ = {
			isa = XCConfigurationList;
			buildConfigurations = (
				84D49DDE1C174E7000ECDA80 /* Debug */,
				84D49DDF1C174E7000ECDA80 /* Release */,
			);
			defaultConfigurationIsVisible = 0;
			defaultConfigurationName = Release;
		};
		84D49DE01C174E7000ECDA80 /* Build configuration list for PBXNativeTarget "HoffrTests" */ = {
			isa = XCConfigurationList;
			buildConfigurations = (
				84D49DE11C174E7000ECDA80 /* Debug */,
				84D49DE21C174E7000ECDA80 /* Release */,
			);
			defaultConfigurationIsVisible = 0;
			defaultConfigurationName = Release;
		};
		84D49DE31C174E7000ECDA80 /* Build configuration list for PBXNativeTarget "HoffrUITests" */ = {
			isa = XCConfigurationList;
			buildConfigurations = (
				84D49DE41C174E7000ECDA80 /* Debug */,
				84D49DE51C174E7000ECDA80 /* Release */,
			);
			defaultConfigurationIsVisible = 0;
			defaultConfigurationName = Release;
		};
/* End XCConfigurationList section */
	};
	rootObject = 84D49DAD1C174E7000ECDA80 /* Project object */;
}
